{
    "_readme": [
        "This file locks the dependencies of your project to a known state",
        "Read more about it at https://getcomposer.org/doc/01-basic-usage.md#composer-lock-the-lock-file",
        "This file is @generated automatically"
    ],
    "hash": "db08f80980c54e2dd92ffe69b88b8c44",
    "content-hash": "efe78330481e018cc760d417af76ddff",
    "packages": [
        {
            "name": "werx/validation",
            "version": "1.3.0",
            "source": {
                "type": "git",
                "url": "https://github.com/werx/validation.git",
                "reference": "d77bfa69fe14ca5c389a67220e8d1bfb7913310a"
            },
            "dist": {
                "type": "zip",
                "url": "https://api.github.com/repos/werx/validation/zipball/d77bfa69fe14ca5c389a67220e8d1bfb7913310a",
                "reference": "d77bfa69fe14ca5c389a67220e8d1bfb7913310a",
                "shasum": ""
            },
            "require": {
                "php": ">= 5.4"
            },
            "require-dev": {
                "phpunit/phpunit": "~4.4",
                "squizlabs/php_codesniffer": "~2.2"
            },
            "type": "library",
            "autoload": {
                "psr-4": {
                    "werx\\Validation\\": "src/",
                    "werx\\Validation\\Tests\\": "tests/",
                    "werx\\Validation\\Tests\\Rulesets\\": "tests/Rulesets/"
                }
            },
            "notification-url": "https://packagist.org/downloads/",
            "license": [
                "MIT"
            ],
            "authors": [
                {
                    "name": "Josh Moody",
                    "email": "josh@moody.io"
                }
            ],
            "description": "Validate individual data elements or group validation rules into sets to validate a form.",
            "keywords": [
                "form",
                "rules",
                "ruleset",
                "validate",
                "validation",
                "validator"
            ],
            "time": "2015-06-16 22:16:20"
        }
    ],
    "packages-dev": [],
    "aliases": [],
    "minimum-stability": "stable",
    "stability-flags": [],
    "prefer-stable": false,
    "prefer-lowest": false,
    "platform": [],
    "platform-dev": []
}
